
Microsoft Visual Studio Solution File, Format Version 12.00
# Visual Studio Version 17
VisualStudioVersion = 17.0.32112.339
MinimumVisualStudioVersion = 10.0.40219.1
Project("{9A19103F-16F7-4668-BE54-9A1E7A4F7556}") = "QuoteClient", "QuoteClient\QuoteClient.csproj", "{76B6CE70-A56B-4966-A714-3FE291DDC9D2}"
	ProjectSection(ProjectDependencies) = postProject
		{3B9E4D5A-269C-42B5-803C-02CF824586BC} = {3B9E4D5A-269C-42B5-803C-02CF824586BC}
	EndProjectSection
EndProject
Project("{9A19103F-16F7-4668-BE54-9A1E7A4F7556}") = "Models", "Models\Models.csproj", "{37853F13-1287-4361-8946-358C1C71EF21}"
EndProject
Project("{9A19103F-16F7-4668-BE54-9A1E7A4F7556}") = "QuoteServer", "QuoteServer\QuoteServer.csproj", "{3B9E4D5A-269C-42B5-803C-02CF824586BC}"
EndProject
Global
	GlobalSection(SolutionConfigurationPlatforms) = preSolution
		Debug|Any CPU = Debug|Any CPU
		Release|Any CPU = Release|Any CPU
	EndGlobalSection
	GlobalSection(ProjectConfigurationPlatforms) = postSolution
		{76B6CE70-A56B-4966-A714-3FE291DDC9D2}.Debug|Any CPU.ActiveCfg = Debug|Any CPU
		{76B6CE70-A56B-4966-A714-3FE291DDC9D2}.Debug|Any CPU.Build.0 = Debug|Any CPU
		{76B6CE70-A56B-4966-A714-3FE291DDC9D2}.Release|Any CPU.ActiveCfg = Release|Any CPU
		{76B6CE70-A56B-4966-A714-3FE291DDC9D2}.Release|Any CPU.Build.0 = Release|Any CPU
		{37853F13-1287-4361-8946-358C1C71EF21}.Debug|Any CPU.ActiveCfg = Debug|Any CPU
		{37853F13-1287-4361-8946-358C1C71EF21}.Debug|Any CPU.Build.0 = Debug|Any CPU
		{37853F13-1287-4361-8946-358C1C71EF21}.Release|Any CPU.ActiveCfg = Release|Any CPU
		{37853F13-1287-4361-8946-358C1C71EF21}.Release|Any CPU.Build.0 = Release|Any CPU
		{3B9E4D5A-269C-42B5-803C-02CF824586BC}.Debug|Any CPU.ActiveCfg = Debug|Any CPU
		{3B9E4D5A-269C-42B5-803C-02CF824586BC}.Debug|Any CPU.Build.0 = Debug|Any CPU
		{3B9E4D5A-269C-42B5-803C-02CF824586BC}.Release|Any CPU.ActiveCfg = Release|Any CPU
		{3B9E4D5A-269C-42B5-803C-02CF824586BC}.Release|Any CPU.Build.0 = Release|Any CPU
	EndGlobalSection
	GlobalSection(SolutionProperties) = preSolution
		HideSolutionNode = FALSE
	EndGlobalSection
	GlobalSection(ExtensibilityGlobals) = postSolution
		SolutionGuid = {1E0FF526-5F50-42DB-8883-8D06519AC69A}
	EndGlobalSection
EndGlobal
